
Microsoft Visual Studio Solution File, Format Version 12.00
# Visual Studio Version 17
VisualStudioVersion = 17.1.32319.34
MinimumVisualStudioVersion = 10.0.40219.1
Project("{9A19103F-16F7-4668-BE54-9A1E7A4F7556}") = "LaPrimaWEBAPP", "LaPrimaWEBAPP\LaPrimaWEBAPP.csproj", "{7BF12C9E-C42E-444C-9BB9-61B3394A2571}"
EndProject
Project("{2150E333-8FDC-42A3-9474-1A3956D46DE8}") = "Utils", "Utils", "{6D3EC361-A149-4FAC-BCED-FFA02C4F16A2}"
	ProjectSection(SolutionItems) = preProject
		PizzaData.cs = PizzaData.cs
	EndProjectSection
EndProject
Global
	GlobalSection(SolutionConfigurationPlatforms) = preSolution
		Debug|Any CPU = Debug|Any CPU
		Release|Any CPU = Release|Any CPU
	EndGlobalSection
	GlobalSection(ProjectConfigurationPlatforms) = postSolution
		{7BF12C9E-C42E-444C-9BB9-61B3394A2571}.Debug|Any CPU.ActiveCfg = Debug|Any CPU
		{7BF12C9E-C42E-444C-9BB9-61B3394A2571}.Debug|Any CPU.Build.0 = Debug|Any CPU
		{7BF12C9E-C42E-444C-9BB9-61B3394A2571}.Release|Any CPU.ActiveCfg = Release|Any CPU
		{7BF12C9E-C42E-444C-9BB9-61B3394A2571}.Release|Any CPU.Build.0 = Release|Any CPU
	EndGlobalSection
	GlobalSection(SolutionProperties) = preSolution
		HideSolutionNode = FALSE
	EndGlobalSection
	GlobalSection(ExtensibilityGlobals) = postSolution
		SolutionGuid = {1AB8E16A-411C-42E0-933A-3A7048A538EE}
	EndGlobalSection
EndGlobal
